
Microsoft Visual Studio Solution File, Format Version 12.00
# Visual Studio 15
VisualStudioVersion = 15.0.34031.82
MinimumVisualStudioVersion = 10.0.40219.1
Project("{8BC9CEB8-8B4A-11D0-8D11-00A0C91BC942}") = "algorithm", "algorithm\algorithm.vcxproj", "{4044E687-E54C-4D8B-B4E8-FD7B3FA747CD}"
EndProject
Global
	GlobalSection(SolutionConfigurationPlatforms) = preSolution
		Debug|x64 = Debug|x64
		Debug|x86 = Debug|x86
		Release|x64 = Release|x64
		Release|x86 = Release|x86
	EndGlobalSection
	GlobalSection(ProjectConfigurationPlatforms) = postSolution
		{4044E687-E54C-4D8B-B4E8-FD7B3FA747CD}.Debug|x64.ActiveCfg = Debug|x64
		{4044E687-E54C-4D8B-B4E8-FD7B3FA747CD}.Debug|x64.Build.0 = Debug|x64
		{4044E687-E54C-4D8B-B4E8-FD7B3FA747CD}.Debug|x86.ActiveCfg = Debug|Win32
		{4044E687-E54C-4D8B-B4E8-FD7B3FA747CD}.Debug|x86.Build.0 = Debug|Win32
		{4044E687-E54C-4D8B-B4E8-FD7B3FA747CD}.Release|x64.ActiveCfg = Release|x64
		{4044E687-E54C-4D8B-B4E8-FD7B3FA747CD}.Release|x64.Build.0 = Release|x64
		{4044E687-E54C-4D8B-B4E8-FD7B3FA747CD}.Release|x86.ActiveCfg = Release|Win32
		{4044E687-E54C-4D8B-B4E8-FD7B3FA747CD}.Release|x86.Build.0 = Release|Win32
	EndGlobalSection
	GlobalSection(SolutionProperties) = preSolution
		HideSolutionNode = FALSE
	EndGlobalSection
	GlobalSection(ExtensibilityGlobals) = postSolution
		SolutionGuid = {69B6E450-5F3E-4E64-B399-B39EF5E90E00}
	EndGlobalSection
EndGlobal
